PODS:
  - Flutter (1.0.0)
  - realm (1.1.0):
    - Flutter

DEPENDENCIES:
  - Flutter (from `Flutter`)
  - realm (from `.symlinks/plugins/realm/ios`)

EXTERNAL SOURCES:
  Flutter:
    :path: Flutter
  realm:
    :path: ".symlinks/plugins/realm/ios"

SPEC CHECKSUMS:
  Flutter: f04841e97a9d0b0a8025694d0796dd46242b2854
  realm: 104bf411adc61b39e514af04e3ba63991848d3c1

PODFILE CHECKSUM: becca988ffbff1a0c8cb1783db8d779d20baed78

COCOAPODS: 1.11.2
