PODS:
  - Flutter (1.0.0)
  - realm (0.1.2-alpha):
    - Flutter

DEPENDENCIES:
  - Flutter (from `Flutter`)
  - realm (from `.symlinks/plugins/realm/ios`)

EXTERNAL SOURCES:
  Flutter:
    :path: Flutter
  realm:
    :path: ".symlinks/plugins/realm/ios"

SPEC CHECKSUMS:
  Flutter: 50d75fe2f02b26cc09d224853bb45737f8b3214a
  realm: 73ea077c82f1b39c8537641453bf9cba74d27eff

PODFILE CHECKSUM: aafe91acc616949ddb318b77800a7f51bffa2a4c

COCOAPODS: 1.11.2
